
Microsoft Visual Studio Solution File, Format Version 12.00
# Visual Studio 14
VisualStudioVersion = 14.0.25420.1
MinimumVisualStudioVersion = 10.0.40219.1
Project("{FAE04EC0-301F-11D3-BF4B-00C04F79EFBC}") = "ConsoleApplication", "ConsoleApplication\ConsoleApplication.csproj", "{0AFFDD9A-B5E5-4DDB-B668-BC926C352618}"
EndProject
Project("{FAE04EC0-301F-11D3-BF4B-00C04F79EFBC}") = "FirstLibrary", "FirstLibrary\FirstLibrary.csproj", "{800F8BDA-CDC8-494D-933A-E029B9D84EF3}"
EndProject
Global
	GlobalSection(SolutionConfigurationPlatforms) = preSolution
		Debug|Any CPU = Debug|Any CPU
		Release|Any CPU = Release|Any CPU
	EndGlobalSection
	GlobalSection(ProjectConfigurationPlatforms) = postSolution
		{0AFFDD9A-B5E5-4DDB-B668-BC926C352618}.Debug|Any CPU.ActiveCfg = Debug|Any CPU
		{0AFFDD9A-B5E5-4DDB-B668-BC926C352618}.Debug|Any CPU.Build.0 = Debug|Any CPU
		{0AFFDD9A-B5E5-4DDB-B668-BC926C352618}.Release|Any CPU.ActiveCfg = Release|Any CPU
		{0AFFDD9A-B5E5-4DDB-B668-BC926C352618}.Release|Any CPU.Build.0 = Release|Any CPU
		{800F8BDA-CDC8-494D-933A-E029B9D84EF3}.Debug|Any CPU.ActiveCfg = Debug|Any CPU
		{800F8BDA-CDC8-494D-933A-E029B9D84EF3}.Debug|Any CPU.Build.0 = Debug|Any CPU
		{800F8BDA-CDC8-494D-933A-E029B9D84EF3}.Release|Any CPU.ActiveCfg = Release|Any CPU
		{800F8BDA-CDC8-494D-933A-E029B9D84EF3}.Release|Any CPU.Build.0 = Release|Any CPU
	EndGlobalSection
	GlobalSection(SolutionProperties) = preSolution
		HideSolutionNode = FALSE
	EndGlobalSection
EndGlobal
